
Microsoft Visual Studio Solution File, Format Version 12.00
# Visual Studio 15
Project("{FAE04EC0-301F-11D3-BF4B-00C04F79EFBC}") = "UnityEngine.UI", "UnityEngine.UI.csproj", "{14A69740-5DF5-291E-5F74-206D37D024BA}"
EndProject
Project("{FAE04EC0-301F-11D3-BF4B-00C04F79EFBC}") = "Fungus", "Fungus.csproj", "{78C9DCCF-53B4-21B6-A0FD-446BF52819C6}"
EndProject
Project("{FAE04EC0-301F-11D3-BF4B-00C04F79EFBC}") = "FungusExamples", "FungusExamples.csproj", "{0DEACF4C-1DF4-2120-7A51-1FD1402F253E}"
EndProject
Project("{FAE04EC0-301F-11D3-BF4B-00C04F79EFBC}") = "Assembly-CSharp", "Assembly-CSharp.csproj", "{06029F8B-579B-EC71-EF7B-A2150908EC28}"
EndProject
Project("{FAE04EC0-301F-11D3-BF4B-00C04F79EFBC}") = "Assembly-CSharp-firstpass", "Assembly-CSharp-firstpass.csproj", "{E9E2F0DE-8CDA-1197-1B95-457469B73FD9}"
EndProject
Project("{FAE04EC0-301F-11D3-BF4B-00C04F79EFBC}") = "FungusPlayModeTests", "FungusPlayModeTests.csproj", "{0B66C194-87C7-3A51-B08A-560D398DB1FE}"
EndProject
Project("{FAE04EC0-301F-11D3-BF4B-00C04F79EFBC}") = "Unity.2D.Sprite.Editor", "Unity.2D.Sprite.Editor.csproj", "{B6617D20-E9EF-F68C-5D15-FFAD74C02F60}"
EndProject
Project("{FAE04EC0-301F-11D3-BF4B-00C04F79EFBC}") = "UnityEditor.UI", "UnityEditor.UI.csproj", "{C1F4B643-5946-52C5-F6FC-F0E946B43325}"
EndProject
Project("{FAE04EC0-301F-11D3-BF4B-00C04F79EFBC}") = "FungusEditor", "FungusEditor.csproj", "{C50B9C66-F9E4-F188-FC7F-5AFC13F9DEB4}"
EndProject
Project("{FAE04EC0-301F-11D3-BF4B-00C04F79EFBC}") = "Unity.2D.Tilemap.Editor", "Unity.2D.Tilemap.Editor.csproj", "{BDAC8B45-9EA3-B5D3-D5E5-DD37E4594321}"
EndProject
Project("{FAE04EC0-301F-11D3-BF4B-00C04F79EFBC}") = "FungusEditorTests", "FungusEditorTests.csproj", "{E8D51EEF-A5F1-0CBB-3BF3-6A8CBB636664}"
EndProject
Project("{FAE04EC0-301F-11D3-BF4B-00C04F79EFBC}") = "Fungus.FungusLuaEditor", "Fungus.FungusLuaEditor.csproj", "{1DBD02A6-7A4A-1072-658D-6BE0ACA302EE}"
EndProject
Project("{FAE04EC0-301F-11D3-BF4B-00C04F79EFBC}") = "Fungus.LineEndingsEditor", "Fungus.LineEndingsEditor.csproj", "{1E244758-D37E-E6A1-B562-81F544057DB0}"
EndProject
Project("{FAE04EC0-301F-11D3-BF4B-00C04F79EFBC}") = "Fungus.FungusLuaJSONCheckerEditor", "Fungus.FungusLuaJSONCheckerEditor.csproj", "{C1B93941-018F-4C7F-6CC8-A513565FD8E9}"
EndProject
Project("{FAE04EC0-301F-11D3-BF4B-00C04F79EFBC}") = "Fungus.UsfxrEditor", "Fungus.UsfxrEditor.csproj", "{802DE42A-F438-B42A-A186-7137577A4A3C}"
EndProject
Global
	GlobalSection(SolutionConfigurationPlatforms) = preSolution
		Debug|Any CPU = Debug|Any CPU
		Release|Any CPU = Release|Any CPU
	EndGlobalSection
	GlobalSection(ProjectConfigurationPlatforms) = postSolution
		{14A69740-5DF5-291E-5F74-206D37D024BA}.Debug|Any CPU.ActiveCfg = Debug|Any CPU
		{14A69740-5DF5-291E-5F74-206D37D024BA}.Debug|Any CPU.Build.0 = Debug|Any CPU
		{14A69740-5DF5-291E-5F74-206D37D024BA}.Release|Any CPU.ActiveCfg = Release|Any CPU
		{14A69740-5DF5-291E-5F74-206D37D024BA}.Release|Any CPU.Build.0 = Release|Any CPU
		{78C9DCCF-53B4-21B6-A0FD-446BF52819C6}.Debug|Any CPU.ActiveCfg = Debug|Any CPU
		{78C9DCCF-53B4-21B6-A0FD-446BF52819C6}.Debug|Any CPU.Build.0 = Debug|Any CPU
		{78C9DCCF-53B4-21B6-A0FD-446BF52819C6}.Release|Any CPU.ActiveCfg = Release|Any CPU
		{78C9DCCF-53B4-21B6-A0FD-446BF52819C6}.Release|Any CPU.Build.0 = Release|Any CPU
		{0DEACF4C-1DF4-2120-7A51-1FD1402F253E}.Debug|Any CPU.ActiveCfg = Debug|Any CPU
		{0DEACF4C-1DF4-2120-7A51-1FD1402F253E}.Debug|Any CPU.Build.0 = Debug|Any CPU
		{0DEACF4C-1DF4-2120-7A51-1FD1402F253E}.Release|Any CPU.ActiveCfg = Release|Any CPU
		{0DEACF4C-1DF4-2120-7A51-1FD1402F253E}.Release|Any CPU.Build.0 = Release|Any CPU
		{06029F8B-579B-EC71-EF7B-A2150908EC28}.Debug|Any CPU.ActiveCfg = Debug|Any CPU
		{06029F8B-579B-EC71-EF7B-A2150908EC28}.Debug|Any CPU.Build.0 = Debug|Any CPU
		{06029F8B-579B-EC71-EF7B-A2150908EC28}.Release|Any CPU.ActiveCfg = Release|Any CPU
		{06029F8B-579B-EC71-EF7B-A2150908EC28}.Release|Any CPU.Build.0 = Release|Any CPU
		{E9E2F0DE-8CDA-1197-1B95-457469B73FD9}.Debug|Any CPU.ActiveCfg = Debug|Any CPU
		{E9E2F0DE-8CDA-1197-1B95-457469B73FD9}.Debug|Any CPU.Build.0 = Debug|Any CPU
		{E9E2F0DE-8CDA-1197-1B95-457469B73FD9}.Release|Any CPU.ActiveCfg = Release|Any CPU
		{E9E2F0DE-8CDA-1197-1B95-457469B73FD9}.Release|Any CPU.Build.0 = Release|Any CPU
		{0B66C194-87C7-3A51-B08A-560D398DB1FE}.Debug|Any CPU.ActiveCfg = Debug|Any CPU
		{0B66C194-87C7-3A51-B08A-560D398DB1FE}.Debug|Any CPU.Build.0 = Debug|Any CPU
		{0B66C194-87C7-3A51-B08A-560D398DB1FE}.Release|Any CPU.ActiveCfg = Release|Any CPU
		{0B66C194-87C7-3A51-B08A-560D398DB1FE}.Release|Any CPU.Build.0 = Release|Any CPU
		{B6617D20-E9EF-F68C-5D15-FFAD74C02F60}.Debug|Any CPU.ActiveCfg = Debug|Any CPU
		{B6617D20-E9EF-F68C-5D15-FFAD74C02F60}.Debug|Any CPU.Build.0 = Debug|Any CPU
		{B6617D20-E9EF-F68C-5D15-FFAD74C02F60}.Release|Any CPU.ActiveCfg = Release|Any CPU
		{B6617D20-E9EF-F68C-5D15-FFAD74C02F60}.Release|Any CPU.Build.0 = Release|Any CPU
		{C1F4B643-5946-52C5-F6FC-F0E946B43325}.Debug|Any CPU.ActiveCfg = Debug|Any CPU
		{C1F4B643-5946-52C5-F6FC-F0E946B43325}.Debug|Any CPU.Build.0 = Debug|Any CPU
		{C1F4B643-5946-52C5-F6FC-F0E946B43325}.Release|Any CPU.ActiveCfg = Release|Any CPU
		{C1F4B643-5946-52C5-F6FC-F0E946B43325}.Release|Any CPU.Build.0 = Release|Any CPU
		{C50B9C66-F9E4-F188-FC7F-5AFC13F9DEB4}.Debug|Any CPU.ActiveCfg = Debug|Any CPU
		{C50B9C66-F9E4-F188-FC7F-5AFC13F9DEB4}.Debug|Any CPU.Build.0 = Debug|Any CPU
		{C50B9C66-F9E4-F188-FC7F-5AFC13F9DEB4}.Release|Any CPU.ActiveCfg = Release|Any CPU
		{C50B9C66-F9E4-F188-FC7F-5AFC13F9DEB4}.Release|Any CPU.Build.0 = Release|Any CPU
		{BDAC8B45-9EA3-B5D3-D5E5-DD37E4594321}.Debug|Any CPU.ActiveCfg = Debug|Any CPU
		{BDAC8B45-9EA3-B5D3-D5E5-DD37E4594321}.Debug|Any CPU.Build.0 = Debug|Any CPU
		{BDAC8B45-9EA3-B5D3-D5E5-DD37E4594321}.Release|Any CPU.ActiveCfg = Release|Any CPU
		{BDAC8B45-9EA3-B5D3-D5E5-DD37E4594321}.Release|Any CPU.Build.0 = Release|Any CPU
		{E8D51EEF-A5F1-0CBB-3BF3-6A8CBB636664}.Debug|Any CPU.ActiveCfg = Debug|Any CPU
		{E8D51EEF-A5F1-0CBB-3BF3-6A8CBB636664}.Debug|Any CPU.Build.0 = Debug|Any CPU
		{E8D51EEF-A5F1-0CBB-3BF3-6A8CBB636664}.Release|Any CPU.ActiveCfg = Release|Any CPU
		{E8D51EEF-A5F1-0CBB-3BF3-6A8CBB636664}.Release|Any CPU.Build.0 = Release|Any CPU
		{1DBD02A6-7A4A-1072-658D-6BE0ACA302EE}.Debug|Any CPU.ActiveCfg = Debug|Any CPU
		{1DBD02A6-7A4A-1072-658D-6BE0ACA302EE}.Debug|Any CPU.Build.0 = Debug|Any CPU
		{1DBD02A6-7A4A-1072-658D-6BE0ACA302EE}.Release|Any CPU.ActiveCfg = Release|Any CPU
		{1DBD02A6-7A4A-1072-658D-6BE0ACA302EE}.Release|Any CPU.Build.0 = Release|Any CPU
		{1E244758-D37E-E6A1-B562-81F544057DB0}.Debug|Any CPU.ActiveCfg = Debug|Any CPU
		{1E244758-D37E-E6A1-B562-81F544057DB0}.Debug|Any CPU.Build.0 = Debug|Any CPU
		{1E244758-D37E-E6A1-B562-81F544057DB0}.Release|Any CPU.ActiveCfg = Release|Any CPU
		{1E244758-D37E-E6A1-B562-81F544057DB0}.Release|Any CPU.Build.0 = Release|Any CPU
		{C1B93941-018F-4C7F-6CC8-A513565FD8E9}.Debug|Any CPU.ActiveCfg = Debug|Any CPU
		{C1B93941-018F-4C7F-6CC8-A513565FD8E9}.Debug|Any CPU.Build.0 = Debug|Any CPU
		{C1B93941-018F-4C7F-6CC8-A513565FD8E9}.Release|Any CPU.ActiveCfg = Release|Any CPU
		{C1B93941-018F-4C7F-6CC8-A513565FD8E9}.Release|Any CPU.Build.0 = Release|Any CPU
		{802DE42A-F438-B42A-A186-7137577A4A3C}.Debug|Any CPU.ActiveCfg = Debug|Any CPU
		{802DE42A-F438-B42A-A186-7137577A4A3C}.Debug|Any CPU.Build.0 = Debug|Any CPU
		{802DE42A-F438-B42A-A186-7137577A4A3C}.Release|Any CPU.ActiveCfg = Release|Any CPU
		{802DE42A-F438-B42A-A186-7137577A4A3C}.Release|Any CPU.Build.0 = Release|Any CPU
	EndGlobalSection
	GlobalSection(SolutionProperties) = preSolution
		HideSolutionNode = FALSE
	EndGlobalSection
EndGlobal
