
Microsoft Visual Studio Solution File, Format Version 11.00
# Visual Studio 2010
Project("{FAE04EC0-301F-11D3-BF4B-00C04F79EFBC}") = "Fungus", "Fungus.csproj", "{cfdcc978-b453-b621-a0fd-446bf52819c6}"
EndProject
Project("{FAE04EC0-301F-11D3-BF4B-00C04F79EFBC}") = "Assembly-CSharp", "Assembly-CSharp.csproj", "{8b9f0206-9b57-71ec-ef7b-a2150908ec28}"
EndProject
Project("{FAE04EC0-301F-11D3-BF4B-00C04F79EFBC}") = "FungusExamples", "FungusExamples.csproj", "{4ccfea0d-f41d-2021-7a51-1fd1402f253e}"
EndProject
Project("{FAE04EC0-301F-11D3-BF4B-00C04F79EFBC}") = "Assembly-CSharp-firstpass", "Assembly-CSharp-firstpass.csproj", "{def0e2e9-da8c-9711-1b95-457469b73fd9}"
EndProject
Project("{FAE04EC0-301F-11D3-BF4B-00C04F79EFBC}") = "FungusPlayModeTests", "FungusPlayModeTests.csproj", "{94c1660b-c787-513a-b08a-560d398db1fe}"
EndProject
Project("{FAE04EC0-301F-11D3-BF4B-00C04F79EFBC}") = "FungusEditor", "FungusEditor.csproj", "{669c0bc5-e4f9-88f1-fc7f-5afc13f9deb4}"
EndProject
Project("{FAE04EC0-301F-11D3-BF4B-00C04F79EFBC}") = "FungusEditorTests", "FungusEditorTests.csproj", "{ef1ed5e8-f1a5-bb0c-3bf3-6a8cbb636664}"
EndProject
Project("{FAE04EC0-301F-11D3-BF4B-00C04F79EFBC}") = "Fungus.FungusLuaEditor", "Fungus.FungusLuaEditor.csproj", "{a602bd1d-4a7a-7210-658d-6be0aca302ee}"
EndProject
Project("{FAE04EC0-301F-11D3-BF4B-00C04F79EFBC}") = "Fungus.LineEndingsEditor", "Fungus.LineEndingsEditor.csproj", "{5847241e-7ed3-a1e6-b562-81f544057db0}"
EndProject
Project("{FAE04EC0-301F-11D3-BF4B-00C04F79EFBC}") = "Fungus.FungusLuaJSONCheckerEditor", "Fungus.FungusLuaJSONCheckerEditor.csproj", "{4139b9c1-8f01-7f4c-6cc8-a513565fd8e9}"
EndProject
Project("{FAE04EC0-301F-11D3-BF4B-00C04F79EFBC}") = "Fungus.UsfxrEditor", "Fungus.UsfxrEditor.csproj", "{2ae42d80-38f4-2ab4-a186-7137577a4a3c}"
EndProject
Global
	GlobalSection(SolutionConfigurationPlatforms) = preSolution
		Debug|Any CPU = Debug|Any CPU
	EndGlobalSection
	GlobalSection(ProjectConfigurationPlatforms) = postSolution
		{cfdcc978-b453-b621-a0fd-446bf52819c6}.Debug|Any CPU.ActiveCfg = Debug|Any CPU
		{cfdcc978-b453-b621-a0fd-446bf52819c6}.Debug|Any CPU.Build.0 = Debug|Any CPU
		{8b9f0206-9b57-71ec-ef7b-a2150908ec28}.Debug|Any CPU.ActiveCfg = Debug|Any CPU
		{8b9f0206-9b57-71ec-ef7b-a2150908ec28}.Debug|Any CPU.Build.0 = Debug|Any CPU
		{4ccfea0d-f41d-2021-7a51-1fd1402f253e}.Debug|Any CPU.ActiveCfg = Debug|Any CPU
		{4ccfea0d-f41d-2021-7a51-1fd1402f253e}.Debug|Any CPU.Build.0 = Debug|Any CPU
		{def0e2e9-da8c-9711-1b95-457469b73fd9}.Debug|Any CPU.ActiveCfg = Debug|Any CPU
		{def0e2e9-da8c-9711-1b95-457469b73fd9}.Debug|Any CPU.Build.0 = Debug|Any CPU
		{94c1660b-c787-513a-b08a-560d398db1fe}.Debug|Any CPU.ActiveCfg = Debug|Any CPU
		{94c1660b-c787-513a-b08a-560d398db1fe}.Debug|Any CPU.Build.0 = Debug|Any CPU
		{669c0bc5-e4f9-88f1-fc7f-5afc13f9deb4}.Debug|Any CPU.ActiveCfg = Debug|Any CPU
		{669c0bc5-e4f9-88f1-fc7f-5afc13f9deb4}.Debug|Any CPU.Build.0 = Debug|Any CPU
		{ef1ed5e8-f1a5-bb0c-3bf3-6a8cbb636664}.Debug|Any CPU.ActiveCfg = Debug|Any CPU
		{ef1ed5e8-f1a5-bb0c-3bf3-6a8cbb636664}.Debug|Any CPU.Build.0 = Debug|Any CPU
		{a602bd1d-4a7a-7210-658d-6be0aca302ee}.Debug|Any CPU.ActiveCfg = Debug|Any CPU
		{a602bd1d-4a7a-7210-658d-6be0aca302ee}.Debug|Any CPU.Build.0 = Debug|Any CPU
		{5847241e-7ed3-a1e6-b562-81f544057db0}.Debug|Any CPU.ActiveCfg = Debug|Any CPU
		{5847241e-7ed3-a1e6-b562-81f544057db0}.Debug|Any CPU.Build.0 = Debug|Any CPU
		{4139b9c1-8f01-7f4c-6cc8-a513565fd8e9}.Debug|Any CPU.ActiveCfg = Debug|Any CPU
		{4139b9c1-8f01-7f4c-6cc8-a513565fd8e9}.Debug|Any CPU.Build.0 = Debug|Any CPU
		{2ae42d80-38f4-2ab4-a186-7137577a4a3c}.Debug|Any CPU.ActiveCfg = Debug|Any CPU
		{2ae42d80-38f4-2ab4-a186-7137577a4a3c}.Debug|Any CPU.Build.0 = Debug|Any CPU
	EndGlobalSection
	GlobalSection(SolutionProperties) = preSolution
		HideSolutionNode = FALSE
	EndGlobalSection
EndGlobal
